{
  "name": "nutriplan",
  "lockfileVersion": 3,
  "requires": true,
  "packages": {
    "": {
      "dependencies": {
        "supabase-js": "^0.0.1-security"
      }
    },
    "node_modules/supabase-js": {
      "version": "0.0.1-security",
      "resolved": "https://registry.npmjs.org/supabase-js/-/supabase-js-0.0.1-security.tgz",
      "integrity": "sha512-PbsAWLAaduzyPDZymFxbVH/qCOe0rL0PYm3rK0S2GP6hqJICUTkDAisgAYEJVDCWaiGk13onNBOVAHbGQJjffg=="
    }
  }
}
